
Microsoft Visual Studio Solution File, Format Version 12.00
# Visual Studio Version 17
VisualStudioVersion = 17.9.34902.65
MinimumVisualStudioVersion = 10.0.40219.1
Project("{FAE04EC0-301F-11D3-BF4B-00C04F79EFBC}") = "Console_CI_CD", "Console_CI_CD\Console_CI_CD.csproj", "{13646776-DB9C-4F7A-85AC-55DA728F4B0E}"
EndProject
Global
	GlobalSection(SolutionConfigurationPlatforms) = preSolution
		Debug|Any CPU = Debug|Any CPU
		Release|Any CPU = Release|Any CPU
	EndGlobalSection
	GlobalSection(ProjectConfigurationPlatforms) = postSolution
		{13646776-DB9C-4F7A-85AC-55DA728F4B0E}.Debug|Any CPU.ActiveCfg = Debug|Any CPU
		{13646776-DB9C-4F7A-85AC-55DA728F4B0E}.Debug|Any CPU.Build.0 = Debug|Any CPU
		{13646776-DB9C-4F7A-85AC-55DA728F4B0E}.Release|Any CPU.ActiveCfg = Release|Any CPU
		{13646776-DB9C-4F7A-85AC-55DA728F4B0E}.Release|Any CPU.Build.0 = Release|Any CPU
	EndGlobalSection
	GlobalSection(SolutionProperties) = preSolution
		HideSolutionNode = FALSE
	EndGlobalSection
	GlobalSection(ExtensibilityGlobals) = postSolution
		SolutionGuid = {6D9A118B-1C2D-4B5D-A213-D86338E8209C}
	EndGlobalSection
EndGlobal
